
Microsoft Visual Studio Solution File, Format Version 12.00
# Visual Studio Version 16
VisualStudioVersion = 16.0.30011.22
MinimumVisualStudioVersion = 10.0.40219.1
Project("{FAE04EC0-301F-11D3-BF4B-00C04F79EFBC}") = "QuantityMeasurement_Main", "QuantityMeasurement_Main\QuantityMeasurement_Main.csproj", "{C0827434-FFA6-4613-9B1F-AA66B5FD86B8}"
EndProject
Project("{FAE04EC0-301F-11D3-BF4B-00C04F79EFBC}") = "QuantityMeasurement_Test", "QuantityMeasurement_Test\QuantityMeasurement_Test.csproj", "{3823EE12-B133-448D-8060-DCB3FABB9827}"
EndProject
Global
	GlobalSection(SolutionConfigurationPlatforms) = preSolution
		Debug|Any CPU = Debug|Any CPU
		Release|Any CPU = Release|Any CPU
	EndGlobalSection
	GlobalSection(ProjectConfigurationPlatforms) = postSolution
		{C0827434-FFA6-4613-9B1F-AA66B5FD86B8}.Debug|Any CPU.ActiveCfg = Debug|Any CPU
		{C0827434-FFA6-4613-9B1F-AA66B5FD86B8}.Debug|Any CPU.Build.0 = Debug|Any CPU
		{C0827434-FFA6-4613-9B1F-AA66B5FD86B8}.Release|Any CPU.ActiveCfg = Release|Any CPU
		{C0827434-FFA6-4613-9B1F-AA66B5FD86B8}.Release|Any CPU.Build.0 = Release|Any CPU
		{3823EE12-B133-448D-8060-DCB3FABB9827}.Debug|Any CPU.ActiveCfg = Debug|Any CPU
		{3823EE12-B133-448D-8060-DCB3FABB9827}.Debug|Any CPU.Build.0 = Debug|Any CPU
		{3823EE12-B133-448D-8060-DCB3FABB9827}.Release|Any CPU.ActiveCfg = Release|Any CPU
		{3823EE12-B133-448D-8060-DCB3FABB9827}.Release|Any CPU.Build.0 = Release|Any CPU
	EndGlobalSection
	GlobalSection(SolutionProperties) = preSolution
		HideSolutionNode = FALSE
	EndGlobalSection
	GlobalSection(ExtensibilityGlobals) = postSolution
		SolutionGuid = {C3E2A154-AEA7-475C-B075-3DDBB18BEEA2}
	EndGlobalSection
EndGlobal
